
Microsoft Visual Studio Solution File, Format Version 12.00
# Visual Studio Version 17
VisualStudioVersion = 17.1.32421.90
MinimumVisualStudioVersion = 10.0.40219.1
Project("{FAE04EC0-301F-11D3-BF4B-00C04F79EFBC}") = "tp01-aula01", "tp01-aula01\tp01-aula01.csproj", "{FE57DEC0-1E74-41D7-B911-DD3731C953CD}"
EndProject
Global
	GlobalSection(SolutionConfigurationPlatforms) = preSolution
		Debug|Any CPU = Debug|Any CPU
		Release|Any CPU = Release|Any CPU
	EndGlobalSection
	GlobalSection(ProjectConfigurationPlatforms) = postSolution
		{FE57DEC0-1E74-41D7-B911-DD3731C953CD}.Debug|Any CPU.ActiveCfg = Debug|Any CPU
		{FE57DEC0-1E74-41D7-B911-DD3731C953CD}.Debug|Any CPU.Build.0 = Debug|Any CPU
		{FE57DEC0-1E74-41D7-B911-DD3731C953CD}.Release|Any CPU.ActiveCfg = Release|Any CPU
		{FE57DEC0-1E74-41D7-B911-DD3731C953CD}.Release|Any CPU.Build.0 = Release|Any CPU
	EndGlobalSection
	GlobalSection(SolutionProperties) = preSolution
		HideSolutionNode = FALSE
	EndGlobalSection
	GlobalSection(ExtensibilityGlobals) = postSolution
		SolutionGuid = {E53986F3-31B7-48CD-8EC2-51F757D1E60C}
	EndGlobalSection
EndGlobal
